{
  "requires": true,
  "lockfileVersion": 1,
  "dependencies": {
    "@algolia/cache-browser-local-storage": {
      "version": "4.5.1",
      "resolved": "https://registry.npmjs.org/@algolia/cache-browser-local-storage/-/cache-browser-local-storage-4.5.1.tgz",
      "integrity": "sha512-TAQHRHaCUAR0bNhUHG0CnO6FTx3EMPwZQrjPuNS6kHvCQ/H8dVD0sLsHyM8C7U4j33xPQCWi9TBnSx8cYXNmNw==",
      "requires": {
        "@algolia/cache-common": "4.5.1"
      }
    },
    "@algolia/cache-common": {
      "version": "4.5.1",
      "resolved": "https://registry.npmjs.org/@algolia/cache-common/-/cache-common-4.5.1.tgz",
      "integrity": "sha512-Sux+pcedQi9sfScIiQdl6pEaTVl712qM9OblvDhnaeF1v6lf4jyTlRTiBLP7YBLuvO1Yo54W3maf03kmz9PVhA=="
    },
    "@algolia/cache-in-memory": {
      "version": "4.5.1",
      "resolved": "https://registry.npmjs.org/@algolia/cache-in-memory/-/cache-in-memory-4.5.1.tgz",
      "integrity": "sha512-fzwAtBFwveuG+E5T/namChEIvdVl0DoV3djV1C078b/JpO5+DeAwuXIJGYbyl950u170n5NEYuIwYG+R6h4lJQ==",
      "requires": {
        "@algolia/cache-common": "4.5.1"
      }
    },
    "@algolia/client-account": {
      "version": "4.5.1",
      "resolved": "https://registry.npmjs.org/@algolia/client-account/-/client-account-4.5.1.tgz",
      "integrity": "sha512-2WFEaI7Zf4ljnBsSAS4e+YylZ5glovm78xFg4E1JKA8PE6M+TeIgUY6HO2ouLh2dqQKxc9UfdAT1Loo/dha2iQ==",
      "requires": {
        "@algolia/client-common": "4.5.1",
        "@algolia/client-search": "4.5.1",
        "@algolia/transporter": "4.5.1"
      }
    },
    "@algolia/client-analytics": {
      "version": "4.5.1",
      "resolved": "https://registry.npmjs.org/@algolia/client-analytics/-/client-analytics-4.5.1.tgz",
      "integrity": "sha512-bTmZUU8zhZMWBeGEQ/TVqLoL3OOT0benU0HtS3iOnQURwb+AOCv3RsgZvkj2djp+M24Q6P8/L34uBJMmCurbLg==",
      "requires": {
        "@algolia/client-common": "4.5.1",
        "@algolia/client-search": "4.5.1",
        "@algolia/requester-common": "4.5.1",
        "@algolia/transporter": "4.5.1"
      }
    },
    "@algolia/client-common": {
      "version": "4.5.1",
      "resolved": "https://registry.npmjs.org/@algolia/client-common/-/client-common-4.5.1.tgz",
      "integrity": "sha512-5CpIf8IK1hke7q+N4e+A4TWdFXVJ5Qwyaa0xS84DrDO8HQ7vfYbDvG1oYa9hVEtGn6c3WVKPAvuWynK+fXQQCA==",
      "requires": {
        "@algolia/requester-common": "4.5.1",
        "@algolia/transporter": "4.5.1"
      }
    },
    "@algolia/client-recommendation": {
      "version": "4.5.1",
      "resolved": "https://registry.npmjs.org/@algolia/client-recommendation/-/client-recommendation-4.5.1.tgz",
      "integrity": "sha512-GiFrNSImoEBUQICjFBEoxPGzrjWji8PY9GeMg2CNvOYcRQ0Xt0Y36v9GN53NLjvB7QdQ2FlE1Cuv/PLUfS/aQQ==",
      "requires": {
        "@algolia/client-common": "4.5.1",
        "@algolia/requester-common": "4.5.1",
        "@algolia/transporter": "4.5.1"
      }
    },
    "@algolia/client-search": {
      "version": "4.5.1",
      "resolved": "https://registry.npmjs.org/@algolia/client-search/-/client-search-4.5.1.tgz",
      "integrity": "sha512-wjuOTte9Auo9Cg4fL0709PjeJ9rXFh4okYUrOt/2SWqQid6DSdZOp+BtyaHKV3E94sj+SlmMxkMUacYluYg5zA==",
      "requires": {
        "@algolia/client-common": "4.5.1",
        "@algolia/requester-common": "4.5.1",
        "@algolia/transporter": "4.5.1"
      }
    },
    "@algolia/logger-common": {
      "version": "4.5.1",
      "resolved": "https://registry.npmjs.org/@algolia/logger-common/-/logger-common-4.5.1.tgz",
      "integrity": "sha512-ZoVnGriinlLHlkvn5K7djOUn1/1IeTjU8rDzOJ3t06T+2hQytgJghaX7rSwKIeH4CjWMy61w8jLisuGJRBOEeg=="
    },
    "@algolia/logger-console": {
      "version": "4.5.1",
      "resolved": "https://registry.npmjs.org/@algolia/logger-console/-/logger-console-4.5.1.tgz",
      "integrity": "sha512-1qa7K18+uAgxyWuguayaDS5ViiZFcOjI3J5ACBb0i/n7RsXUo149lP6mwmx6TIU7s135hT0f0TCqnvfMvN1ilA==",
      "requires": {
        "@algolia/logger-common": "4.5.1"
      }
    },
    "@algolia/requester-browser-xhr": {
      "version": "4.5.1",
      "resolved": "https://registry.npmjs.org/@algolia/requester-browser-xhr/-/requester-browser-xhr-4.5.1.tgz",
      "integrity": "sha512-tsQz+9pZw9dwPm/wMvZDpsWFZgmghLjXi4c3O4rfwoP/Ikum5fhle5fiR14yb4Lw4WlOQ1AJIHJvrg1qLIG8hQ==",
      "requires": {
        "@algolia/requester-common": "4.5.1"
      }
    },
    "@algolia/requester-common": {
      "version": "4.5.1",
      "resolved": "https://registry.npmjs.org/@algolia/requester-common/-/requester-common-4.5.1.tgz",
      "integrity": "sha512-bPCiLvhHKXaka7f5FLtheChToz0yHVhvza64naFJRRh/3kC0nvyrvQ0ogjiydiSrGIfdNDyyTVfKGdk4gS5gyA=="
    },
    "@algolia/requester-node-http": {
      "version": "4.5.1",
      "resolved": "https://registry.npmjs.org/@algolia/requester-node-http/-/requester-node-http-4.5.1.tgz",
      "integrity": "sha512-BfFc2h9eQOKu1gGs3DtQO7GrVZW/rxUgpJVLja4UVQyGplJyTCrFgkTyfl+8rb3MkNgA/S2LNo7cKNSPfpqeAQ==",
      "requires": {
        "@algolia/requester-common": "4.5.1"
      }
    },
    "@algolia/transporter": {
      "version": "4.5.1",
      "resolved": "https://registry.npmjs.org/@algolia/transporter/-/transporter-4.5.1.tgz",
      "integrity": "sha512-asPDNToDAPhH0tM6qKGTn1l0wTlNUbekpa1ifZ6v+qhSjo3VdqGyp+2VeciJOBW/wVHXh3HUbAcycvLERRlCLg==",
      "requires": {
        "@algolia/cache-common": "4.5.1",
        "@algolia/logger-common": "4.5.1",
        "@algolia/requester-common": "4.5.1"
      }
    },
    "algoliasearch": {
      "version": "4.5.1",
      "resolved": "https://registry.npmjs.org/algoliasearch/-/algoliasearch-4.5.1.tgz",
      "integrity": "sha512-b6yT1vWMlBdVObQipKxvt0M6SEvGetVj+FFFlo0Fy06gkdj6WCJaS4t10Q/hC3I2VG9QmpCqlK3Esgg1y1E+uw==",
      "requires": {
        "@algolia/cache-browser-local-storage": "4.5.1",
        "@algolia/cache-common": "4.5.1",
        "@algolia/cache-in-memory": "4.5.1",
        "@algolia/client-account": "4.5.1",
        "@algolia/client-analytics": "4.5.1",
        "@algolia/client-common": "4.5.1",
        "@algolia/client-recommendation": "4.5.1",
        "@algolia/client-search": "4.5.1",
        "@algolia/logger-common": "4.5.1",
        "@algolia/logger-console": "4.5.1",
        "@algolia/requester-browser-xhr": "4.5.1",
        "@algolia/requester-common": "4.5.1",
        "@algolia/requester-node-http": "4.5.1",
        "@algolia/transporter": "4.5.1"
      }
    }
  }
}
